# This file was autogenerated by Stack.
# You should not edit this file by hand.
# For more information, please see the documentation at:
#   https://docs.haskellstack.org/en/stable/lock_files

packages:
- completed:
    commit: 081801ed525e88677825d65056ced68a53a38dd1
    git: https://github.com/Deltaspace0/monomer.git
    name: monomer
    pantry-tree:
      sha256: ffa380239f746b1a8e8e961c179e1afa0cd6017e48d1d1f280801dfd04315203
      size: 18557
    version: 1.5.1.0
  original:
    commit: 081801ed525e88677825d65056ced68a53a38dd1
    git: https://github.com/Deltaspace0/monomer.git
- completed:
    hackage: nanovg-0.8.1.0@sha256:9131db15822c6593aa73946b56593eb0a14a0d044395bcdfd4fe2d3e6edb6759,4742
    pantry-tree:
      sha256: b83e640d56213061f632a76012a63625d76ceacf905bb8cee6ee03f981047c03
      size: 2558
  original:
    hackage: nanovg-0.8.1.0
snapshots:
- completed:
    sha256: 126fa33ceb11f5e85ceb4e86d434756bd9a8439e2e5776d306a15fbc63b01e89
    size: 650041
    url: https://raw.githubusercontent.com/commercialhaskell/stackage-snapshots/master/lts/20/20.yaml
  original: lts-20.20
