# This file was autogenerated by Stack.
# You should not edit this file by hand.
# For more information, please see the documentation at:
#   https://docs.haskellstack.org/en/stable/lock_files

packages:
- completed:
    hackage: monomer-1.5.0.0@sha256:7504b598ba1edc95d85236bc7e6c69b54fec85073ca22b09460bea4c151be9c5,15801
    pantry-tree:
      sha256: e3131a3a36b29687e8cce33d2a00d08aec687301f06d0c8181f4e617b7de511b
      size: 14368
  original:
    hackage: monomer-1.5.0.0
- completed:
    hackage: nanovg-0.8.1.0@sha256:9131db15822c6593aa73946b56593eb0a14a0d044395bcdfd4fe2d3e6edb6759,4742
    pantry-tree:
      sha256: b83e640d56213061f632a76012a63625d76ceacf905bb8cee6ee03f981047c03
      size: 2558
  original:
    hackage: nanovg-0.8.1.0
snapshots:
- completed:
    sha256: e5f56f619132209b826084cacd6374d7f0344cc88a9d1d305878190e4204ae1f
    size: 619205
    url: https://raw.githubusercontent.com/commercialhaskell/stackage-snapshots/master/lts/19/31.yaml
  original:
    url: https://raw.githubusercontent.com/commercialhaskell/stackage-snapshots/master/lts/19/31.yaml
