# This file was autogenerated by Stack.
# You should not edit this file by hand.
# For more information, please see the documentation at:
#   https://docs.haskellstack.org/en/stable/lock_files

packages:
- completed:
    hackage: monomer-1.5.1.0@sha256:18e3ce60c7f5d3fae74bf5ace7515f0e252b12ccc4b71030f948e6fdc1f49a99,16741
    pantry-tree:
      sha256: 3dde2b635d1298c3b734c0b28bae8fa4956bc2ad9ef89f81bbb04ec1eeb09d0c
      size: 14513
  original:
    hackage: monomer-1.5.1.0
- completed:
    hackage: nanovg-0.8.1.0@sha256:9131db15822c6593aa73946b56593eb0a14a0d044395bcdfd4fe2d3e6edb6759,4742
    pantry-tree:
      sha256: b83e640d56213061f632a76012a63625d76ceacf905bb8cee6ee03f981047c03
      size: 2558
  original:
    hackage: nanovg-0.8.1.0
snapshots:
- completed:
    sha256: e5f56f619132209b826084cacd6374d7f0344cc88a9d1d305878190e4204ae1f
    size: 619205
    url: https://raw.githubusercontent.com/commercialhaskell/stackage-snapshots/master/lts/19/31.yaml
  original:
    url: https://raw.githubusercontent.com/commercialhaskell/stackage-snapshots/master/lts/19/31.yaml
